
Microsoft Visual Studio Solution File, Format Version 12.00
# Visual Studio Version 17
VisualStudioVersion = 17.8.34525.116
MinimumVisualStudioVersion = 10.0.40219.1
Project("{FAE04EC0-301F-11D3-BF4B-00C04F79EFBC}") = "winAreaRec", "winAreaRec\winAreaRec.csproj", "{A11D8581-8100-4FFD-84B7-BF6B068E63A0}"
EndProject
Global
	GlobalSection(SolutionConfigurationPlatforms) = preSolution
		Debug|Any CPU = Debug|Any CPU
		Release|Any CPU = Release|Any CPU
	EndGlobalSection
	GlobalSection(ProjectConfigurationPlatforms) = postSolution
		{A11D8581-8100-4FFD-84B7-BF6B068E63A0}.Debug|Any CPU.ActiveCfg = Debug|Any CPU
		{A11D8581-8100-4FFD-84B7-BF6B068E63A0}.Debug|Any CPU.Build.0 = Debug|Any CPU
		{A11D8581-8100-4FFD-84B7-BF6B068E63A0}.Release|Any CPU.ActiveCfg = Release|Any CPU
		{A11D8581-8100-4FFD-84B7-BF6B068E63A0}.Release|Any CPU.Build.0 = Release|Any CPU
	EndGlobalSection
	GlobalSection(SolutionProperties) = preSolution
		HideSolutionNode = FALSE
	EndGlobalSection
	GlobalSection(ExtensibilityGlobals) = postSolution
		SolutionGuid = {10DE1E7F-253A-48D8-B11B-EA0E2D979C79}
	EndGlobalSection
EndGlobal
