
Microsoft Visual Studio Solution File, Format Version 12.00
# Visual Studio Version 17
VisualStudioVersion = 17.8.34408.163
MinimumVisualStudioVersion = 10.0.40219.1
Project("{FAE04EC0-301F-11D3-BF4B-00C04F79EFBC}") = "BookMonitoringSystem", "BookMonitoringSystem.csproj", "{DE583A01-CB3F-4958-A01C-0C02FD2BE929}"
EndProject
Global
	GlobalSection(SolutionConfigurationPlatforms) = preSolution
		Debug|Any CPU = Debug|Any CPU
		Release|Any CPU = Release|Any CPU
	EndGlobalSection
	GlobalSection(ProjectConfigurationPlatforms) = postSolution
		{DE583A01-CB3F-4958-A01C-0C02FD2BE929}.Debug|Any CPU.ActiveCfg = Debug|Any CPU
		{DE583A01-CB3F-4958-A01C-0C02FD2BE929}.Debug|Any CPU.Build.0 = Debug|Any CPU
		{DE583A01-CB3F-4958-A01C-0C02FD2BE929}.Release|Any CPU.ActiveCfg = Release|Any CPU
		{DE583A01-CB3F-4958-A01C-0C02FD2BE929}.Release|Any CPU.Build.0 = Release|Any CPU
	EndGlobalSection
	GlobalSection(SolutionProperties) = preSolution
		HideSolutionNode = FALSE
	EndGlobalSection
	GlobalSection(ExtensibilityGlobals) = postSolution
		SolutionGuid = {8AD4BB76-E4B4-4736-BDD0-9F70AF559030}
	EndGlobalSection
EndGlobal
