
Microsoft Visual Studio Solution File, Format Version 12.00
# Visual Studio Version 17
VisualStudioVersion = 17.8.34408.163
MinimumVisualStudioVersion = 10.0.40219.1
Project("{FAE04EC0-301F-11D3-BF4B-00C04F79EFBC}") = "winConversion", "winConversion\winConversion.csproj", "{F253EE1B-2908-4F44-B091-EF4DB19A45D9}"
EndProject
Global
	GlobalSection(SolutionConfigurationPlatforms) = preSolution
		Debug|Any CPU = Debug|Any CPU
		Release|Any CPU = Release|Any CPU
	EndGlobalSection
	GlobalSection(ProjectConfigurationPlatforms) = postSolution
		{F253EE1B-2908-4F44-B091-EF4DB19A45D9}.Debug|Any CPU.ActiveCfg = Debug|Any CPU
		{F253EE1B-2908-4F44-B091-EF4DB19A45D9}.Debug|Any CPU.Build.0 = Debug|Any CPU
		{F253EE1B-2908-4F44-B091-EF4DB19A45D9}.Release|Any CPU.ActiveCfg = Release|Any CPU
		{F253EE1B-2908-4F44-B091-EF4DB19A45D9}.Release|Any CPU.Build.0 = Release|Any CPU
	EndGlobalSection
	GlobalSection(SolutionProperties) = preSolution
		HideSolutionNode = FALSE
	EndGlobalSection
	GlobalSection(ExtensibilityGlobals) = postSolution
		SolutionGuid = {914C729C-627D-4253-8BDB-32C868956278}
	EndGlobalSection
EndGlobal
